// !$*UTF8*$!
{
	archiveVersion = 1;
	classes = {
	};
	objectVersion = 46;
	objects = {

/* Begin PBXBuildFile section */
		28854ED81F3DCD110023EA09 /* main.m in Sources */ = {isa = PBXBuildFile; fileRef = 28854ED71F3DCD110023EA09 /* main.m */; };
		28854EDB1F3DCD110023EA09 /* AppDelegate.m in Sources */ = {isa = PBXBuildFile; fileRef = 28854EDA1F3DCD110023EA09 /* AppDelegate.m */; };
		28854EE11F3DCD110023EA09 /* Main.storyboard in Resources */ = {isa = PBXBuildFile; fileRef = 28854EDF1F3DCD110023EA09 /* Main.storyboard */; };
		28854EE31F3DCD110023EA09 /* Assets.xcassets in Resources */ = {isa = PBXBuildFile; fileRef = 28854EE21F3DCD110023EA09 /* Assets.xcassets */; };
		28854EE61F3DCD110023EA09 /* LaunchScreen.storyboard in Resources */ = {isa = PBXBuildFile; fileRef = 28854EE41F3DCD110023EA09 /* LaunchScreen.storyboard */; };
		28854EF31F3DDD860023EA09 /* 00_Gas.mov in Resources */ = {isa = PBXBuildFile; fileRef = 28854EEE1F3DDD860023EA09 /* 00_Gas.mov */; };
		28854EF41F3DDD860023EA09 /* 00_Swirl.mov in Resources */ = {isa = PBXBuildFile; fileRef = 28854EEF1F3DDD860023EA09 /* 00_Swirl.mov */; };
		28854EF51F3DDD860023EA09 /* 05_Close.mov in Resources */ = {isa = PBXBuildFile; fileRef = 28854EF01F3DDD860023EA09 /* 05_Close.mov */; };
		28854EF61F3DDD860023EA09 /* ElephantSeals.mov in Resources */ = {isa = PBXBuildFile; fileRef = 28854EF11F3DDD860023EA09 /* ElephantSeals.mov */; };
		28854EF71F3DDD860023EA09 /* Sabrina - I'm Yours.mp3 in Resources */ = {isa = PBXBuildFile; fileRef = 28854EF21F3DDD860023EA09 /* Sabrina - I'm Yours.mp3 */; };
		28854EFA1F3DDD8C0023EA09 /* JFTAVEditorViewController.m in Sources */ = {isa = PBXBuildFile; fileRef = 28854EF91F3DDD8C0023EA09 /* JFTAVEditorViewController.m */; };
		28854F011F3DDE260023EA09 /* APLCompositionDebugView.m in Sources */ = {isa = PBXBuildFile; fileRef = 28854EFD1F3DDE260023EA09 /* APLCompositionDebugView.m */; };
		28854F021F3DDE260023EA09 /* APLViewController.m in Sources */ = {isa = PBXBuildFile; fileRef = 28854EFF1F3DDE260023EA09 /* APLViewController.m */; };
		28854F031F3DDE260023EA09 /* CompositionDebug.storyboard in Resources */ = {isa = PBXBuildFile; fileRef = 28854F001F3DDE260023EA09 /* CompositionDebug.storyboard */; };
		28854F091F3DDE340023EA09 /* JFTVideoPickerCollectionViewCell.m in Sources */ = {isa = PBXBuildFile; fileRef = 28854F061F3DDE340023EA09 /* JFTVideoPickerCollectionViewCell.m */; };
		28854F0A1F3DDE340023EA09 /* JFTVideoPickerController.m in Sources */ = {isa = PBXBuildFile; fileRef = 28854F081F3DDE340023EA09 /* JFTVideoPickerController.m */; };
		7A587DCC40A8A6EA1F51FD7C /* libPods-JFTAVBuilder.a in Frameworks */ = {isa = PBXBuildFile; fileRef = 4E0FFCD7151D9F3BA556D68D /* libPods-JFTAVBuilder.a */; };
/* End PBXBuildFile section */

/* Begin PBXFileReference section */
		28854ED31F3DCD110023EA09 /* JFTAVBuilder.app */ = {isa = PBXFileReference; explicitFileType = wrapper.application; includeInIndex = 0; path = JFTAVBuilder.app; sourceTree = BUILT_PRODUCTS_DIR; };
		28854ED71F3DCD110023EA09 /* main.m */ = {isa = PBXFileReference; lastKnownFileType = sourcecode.c.objc; path = main.m; sourceTree = "<group>"; };
		28854ED91F3DCD110023EA09 /* AppDelegate.h */ = {isa = PBXFileReference; lastKnownFileType = sourcecode.c.h; path = AppDelegate.h; sourceTree = "<group>"; };
		28854EDA1F3DCD110023EA09 /* AppDelegate.m */ = {isa = PBXFileReference; lastKnownFileType = sourcecode.c.objc; path = AppDelegate.m; sourceTree = "<group>"; };
		28854EE01F3DCD110023EA09 /* Base */ = {isa = PBXFileReference; lastKnownFileType = file.storyboard; name = Base; path = Base.lproj/Main.storyboard; sourceTree = "<group>"; };
		28854EE21F3DCD110023EA09 /* Assets.xcassets */ = {isa = PBXFileReference; lastKnownFileType = folder.assetcatalog; path = Assets.xcassets; sourceTree = "<group>"; };
		28854EE51F3DCD110023EA09 /* Base */ = {isa = PBXFileReference; lastKnownFileType = file.storyboard; name = Base; path = Base.lproj/LaunchScreen.storyboard; sourceTree = "<group>"; };
		28854EE71F3DCD110023EA09 /* Info.plist */ = {isa = PBXFileReference; lastKnownFileType = text.plist.xml; path = Info.plist; sourceTree = "<group>"; };
		28854EEE1F3DDD860023EA09 /* 00_Gas.mov */ = {isa = PBXFileReference; lastKnownFileType = video.quicktime; path = 00_Gas.mov; sourceTree = "<group>"; };
		28854EEF1F3DDD860023EA09 /* 00_Swirl.mov */ = {isa = PBXFileReference; lastKnownFileType = video.quicktime; path = 00_Swirl.mov; sourceTree = "<group>"; };
		28854EF01F3DDD860023EA09 /* 05_Close.mov */ = {isa = PBXFileReference; lastKnownFileType = video.quicktime; path = 05_Close.mov; sourceTree = "<group>"; };
		28854EF11F3DDD860023EA09 /* ElephantSeals.mov */ = {isa = PBXFileReference; lastKnownFileType = video.quicktime; path = ElephantSeals.mov; sourceTree = "<group>"; };
		28854EF21F3DDD860023EA09 /* Sabrina - I'm Yours.mp3 */ = {isa = PBXFileReference; lastKnownFileType = audio.mp3; path = "Sabrina - I'm Yours.mp3"; sourceTree = "<group>"; };
		28854EF81F3DDD8C0023EA09 /* JFTAVEditorViewController.h */ = {isa = PBXFileReference; fileEncoding = 4; lastKnownFileType = sourcecode.c.h; path = JFTAVEditorViewController.h; sourceTree = "<group>"; };
		28854EF91F3DDD8C0023EA09 /* JFTAVEditorViewController.m */ = {isa = PBXFileReference; fileEncoding = 4; lastKnownFileType = sourcecode.c.objc; path = JFTAVEditorViewController.m; sourceTree = "<group>"; };
		28854EFC1F3DDE260023EA09 /* APLCompositionDebugView.h */ = {isa = PBXFileReference; fileEncoding = 4; lastKnownFileType = sourcecode.c.h; path = APLCompositionDebugView.h; sourceTree = "<group>"; };
		28854EFD1F3DDE260023EA09 /* APLCompositionDebugView.m */ = {isa = PBXFileReference; fileEncoding = 4; lastKnownFileType = sourcecode.c.objc; path = APLCompositionDebugView.m; sourceTree = "<group>"; };
		28854EFE1F3DDE260023EA09 /* APLViewController.h */ = {isa = PBXFileReference; fileEncoding = 4; lastKnownFileType = sourcecode.c.h; path = APLViewController.h; sourceTree = "<group>"; };
		28854EFF1F3DDE260023EA09 /* APLViewController.m */ = {isa = PBXFileReference; fileEncoding = 4; lastKnownFileType = sourcecode.c.objc; path = APLViewController.m; sourceTree = "<group>"; };
		28854F001F3DDE260023EA09 /* CompositionDebug.storyboard */ = {isa = PBXFileReference; fileEncoding = 4; lastKnownFileType = file.storyboard; path = CompositionDebug.storyboard; sourceTree = "<group>"; };
		28854F051F3DDE340023EA09 /* JFTVideoPickerCollectionViewCell.h */ = {isa = PBXFileReference; fileEncoding = 4; lastKnownFileType = sourcecode.c.h; path = JFTVideoPickerCollectionViewCell.h; sourceTree = "<group>"; };
		28854F061F3DDE340023EA09 /* JFTVideoPickerCollectionViewCell.m */ = {isa = PBXFileReference; fileEncoding = 4; lastKnownFileType = sourcecode.c.objc; path = JFTVideoPickerCollectionViewCell.m; sourceTree = "<group>"; };
		28854F071F3DDE340023EA09 /* JFTVideoPickerController.h */ = {isa = PBXFileReference; fileEncoding = 4; lastKnownFileType = sourcecode.c.h; path = JFTVideoPickerController.h; sourceTree = "<group>"; };
		28854F081F3DDE340023EA09 /* JFTVideoPickerController.m */ = {isa = PBXFileReference; fileEncoding = 4; lastKnownFileType = sourcecode.c.objc; path = JFTVideoPickerController.m; sourceTree = "<group>"; };
		4A0140C50C8E34C36CEBB9C6 /* Pods-JFTAVBuilder.release.xcconfig */ = {isa = PBXFileReference; includeInIndex = 1; lastKnownFileType = text.xcconfig; name = "Pods-JFTAVBuilder.release.xcconfig"; path = "Pods/Target Support Files/Pods-JFTAVBuilder/Pods-JFTAVBuilder.release.xcconfig"; sourceTree = "<group>"; };
		4E0FFCD7151D9F3BA556D68D /* libPods-JFTAVBuilder.a */ = {isa = PBXFileReference; explicitFileType = archive.ar; includeInIndex = 0; path = "libPods-JFTAVBuilder.a"; sourceTree = BUILT_PRODUCTS_DIR; };
		8E0DD9151B88DF35CB95511C /* Pods-JFTAVBuilder.debug.xcconfig */ = {isa = PBXFileReference; includeInIndex = 1; lastKnownFileType = text.xcconfig; name = "Pods-JFTAVBuilder.debug.xcconfig"; path = "Pods/Target Support Files/Pods-JFTAVBuilder/Pods-JFTAVBuilder.debug.xcconfig"; sourceTree = "<group>"; };
/* End PBXFileReference section */

/* Begin PBXFrameworksBuildPhase section */
		28854ED01F3DCD110023EA09 /* Frameworks */ = {
			isa = PBXFrameworksBuildPhase;
			buildActionMask = 2147483647;
			files = (
				7A587DCC40A8A6EA1F51FD7C /* libPods-JFTAVBuilder.a in Frameworks */,
			);
			runOnlyForDeploymentPostprocessing = 0;
		};
/* End PBXFrameworksBuildPhase section */

/* Begin PBXGroup section */
		28854ECA1F3DCD110023EA09 = {
			isa = PBXGroup;
			children = (
				28854ED51F3DCD110023EA09 /* JFTAVBuilder */,
				28854ED41F3DCD110023EA09 /* Products */,
				29CE3D1DDE01F5CB0646AB4C /* Pods */,
				31E06DAE6816BCD0320C440C /* Frameworks */,
			);
			sourceTree = "<group>";
		};
		28854ED41F3DCD110023EA09 /* Products */ = {
			isa = PBXGroup;
			children = (
				28854ED31F3DCD110023EA09 /* JFTAVBuilder.app */,
			);
			name = Products;
			sourceTree = "<group>";
		};
		28854ED51F3DCD110023EA09 /* JFTAVBuilder */ = {
			isa = PBXGroup;
			children = (
				28854EFB1F3DDE260023EA09 /* Debug */,
				28854F041F3DDE340023EA09 /* VideoPicker */,
				28854ED91F3DCD110023EA09 /* AppDelegate.h */,
				28854EDA1F3DCD110023EA09 /* AppDelegate.m */,
				28854EF81F3DDD8C0023EA09 /* JFTAVEditorViewController.h */,
				28854EF91F3DDD8C0023EA09 /* JFTAVEditorViewController.m */,
				28854EED1F3DDD860023EA09 /* Media */,
				28854EDF1F3DCD110023EA09 /* Main.storyboard */,
				28854EE21F3DCD110023EA09 /* Assets.xcassets */,
				28854EE41F3DCD110023EA09 /* LaunchScreen.storyboard */,
				28854EE71F3DCD110023EA09 /* Info.plist */,
				28854ED61F3DCD110023EA09 /* Supporting Files */,
			);
			path = JFTAVBuilder;
			sourceTree = "<group>";
		};
		28854ED61F3DCD110023EA09 /* Supporting Files */ = {
			isa = PBXGroup;
			children = (
				28854ED71F3DCD110023EA09 /* main.m */,
			);
			name = "Supporting Files";
			sourceTree = "<group>";
		};
		28854EED1F3DDD860023EA09 /* Media */ = {
			isa = PBXGroup;
			children = (
				28854EEE1F3DDD860023EA09 /* 00_Gas.mov */,
				28854EEF1F3DDD860023EA09 /* 00_Swirl.mov */,
				28854EF01F3DDD860023EA09 /* 05_Close.mov */,
				28854EF11F3DDD860023EA09 /* ElephantSeals.mov */,
				28854EF21F3DDD860023EA09 /* Sabrina - I'm Yours.mp3 */,
			);
			path = Media;
			sourceTree = "<group>";
		};
		28854EFB1F3DDE260023EA09 /* Debug */ = {
			isa = PBXGroup;
			children = (
				28854EFC1F3DDE260023EA09 /* APLCompositionDebugView.h */,
				28854EFD1F3DDE260023EA09 /* APLCompositionDebugView.m */,
				28854EFE1F3DDE260023EA09 /* APLViewController.h */,
				28854EFF1F3DDE260023EA09 /* APLViewController.m */,
				28854F001F3DDE260023EA09 /* CompositionDebug.storyboard */,
			);
			path = Debug;
			sourceTree = "<group>";
		};
		28854F041F3DDE340023EA09 /* VideoPicker */ = {
			isa = PBXGroup;
			children = (
				28854F051F3DDE340023EA09 /* JFTVideoPickerCollectionViewCell.h */,
				28854F061F3DDE340023EA09 /* JFTVideoPickerCollectionViewCell.m */,
				28854F071F3DDE340023EA09 /* JFTVideoPickerController.h */,
				28854F081F3DDE340023EA09 /* JFTVideoPickerController.m */,
			);
			path = VideoPicker;
			sourceTree = "<group>";
		};
		29CE3D1DDE01F5CB0646AB4C /* Pods */ = {
			isa = PBXGroup;
			children = (
				8E0DD9151B88DF35CB95511C /* Pods-JFTAVBuilder.debug.xcconfig */,
				4A0140C50C8E34C36CEBB9C6 /* Pods-JFTAVBuilder.release.xcconfig */,
			);
			name = Pods;
			sourceTree = "<group>";
		};
		31E06DAE6816BCD0320C440C /* Frameworks */ = {
			isa = PBXGroup;
			children = (
				4E0FFCD7151D9F3BA556D68D /* libPods-JFTAVBuilder.a */,
			);
			name = Frameworks;
			sourceTree = "<group>";
		};
/* End PBXGroup section */

/* Begin PBXNativeTarget section */
		28854ED21F3DCD110023EA09 /* JFTAVBuilder */ = {
			isa = PBXNativeTarget;
			buildConfigurationList = 28854EEA1F3DCD110023EA09 /* Build configuration list for PBXNativeTarget "JFTAVBuilder" */;
			buildPhases = (
				0BE6136AA89EAE8E04B1E384 /* [CP] Check Pods Manifest.lock */,
				28854ECF1F3DCD110023EA09 /* Sources */,
				28854ED01F3DCD110023EA09 /* Frameworks */,
				28854ED11F3DCD110023EA09 /* Resources */,
				DEBBA8DC1924165A46C616BB /* [CP] Embed Pods Frameworks */,
				A381ED6F710364604102BF46 /* [CP] Copy Pods Resources */,
			);
			buildRules = (
			);
			dependencies = (
			);
			name = JFTAVBuilder;
			productName = JFTAVBuilder;
			productReference = 28854ED31F3DCD110023EA09 /* JFTAVBuilder.app */;
			productType = "com.apple.product-type.application";
		};
/* End PBXNativeTarget section */

/* Begin PBXProject section */
		28854ECB1F3DCD110023EA09 /* Project object */ = {
			isa = PBXProject;
			attributes = {
				LastUpgradeCheck = 0830;
				ORGANIZATIONNAME = jft0m;
				TargetAttributes = {
					28854ED21F3DCD110023EA09 = {
						CreatedOnToolsVersion = 8.3.2;
						DevelopmentTeam = LEUH4N764L;
						ProvisioningStyle = Automatic;
					};
				};
			};
			buildConfigurationList = 28854ECE1F3DCD110023EA09 /* Build configuration list for PBXProject "JFTAVBuilder" */;
			compatibilityVersion = "Xcode 3.2";
			developmentRegion = English;
			hasScannedForEncodings = 0;
			knownRegions = (
				en,
				Base,
			);
			mainGroup = 28854ECA1F3DCD110023EA09;
			productRefGroup = 28854ED41F3DCD110023EA09 /* Products */;
			projectDirPath = "";
			projectRoot = "";
			targets = (
				28854ED21F3DCD110023EA09 /* JFTAVBuilder */,
			);
		};
/* End PBXProject section */

/* Begin PBXResourcesBuildPhase section */
		28854ED11F3DCD110023EA09 /* Resources */ = {
			isa = PBXResourcesBuildPhase;
			buildActionMask = 2147483647;
			files = (
				28854EF61F3DDD860023EA09 /* ElephantSeals.mov in Resources */,
				28854EF71F3DDD860023EA09 /* Sabrina - I'm Yours.mp3 in Resources */,
				28854EF51F3DDD860023EA09 /* 05_Close.mov in Resources */,
				28854EF31F3DDD860023EA09 /* 00_Gas.mov in Resources */,
				28854EE61F3DCD110023EA09 /* LaunchScreen.storyboard in Resources */,
				28854F031F3DDE260023EA09 /* CompositionDebug.storyboard in Resources */,
				28854EF41F3DDD860023EA09 /* 00_Swirl.mov in Resources */,
				28854EE31F3DCD110023EA09 /* Assets.xcassets in Resources */,
				28854EE11F3DCD110023EA09 /* Main.storyboard in Resources */,
			);
			runOnlyForDeploymentPostprocessing = 0;
		};
/* End PBXResourcesBuildPhase section */

/* Begin PBXShellScriptBuildPhase section */
		0BE6136AA89EAE8E04B1E384 /* [CP] Check Pods Manifest.lock */ = {
			isa = PBXShellScriptBuildPhase;
			buildActionMask = 2147483647;
			files = (
			);
			inputPaths = (
			);
			name = "[CP] Check Pods Manifest.lock";
			outputPaths = (
			);
			runOnlyForDeploymentPostprocessing = 0;
			shellPath = /bin/sh;
			shellScript = "diff \"${PODS_PODFILE_DIR_PATH}/Podfile.lock\" \"${PODS_ROOT}/Manifest.lock\" > /dev/null\nif [ $? != 0 ] ; then\n    # print error to STDERR\n    echo \"error: The sandbox is not in sync with the Podfile.lock. Run 'pod install' or update your CocoaPods installation.\" >&2\n    exit 1\nfi\n";
			showEnvVarsInLog = 0;
		};
		A381ED6F710364604102BF46 /* [CP] Copy Pods Resources */ = {
			isa = PBXShellScriptBuildPhase;
			buildActionMask = 2147483647;
			files = (
			);
			inputPaths = (
			);
			name = "[CP] Copy Pods Resources";
			outputPaths = (
			);
			runOnlyForDeploymentPostprocessing = 0;
			shellPath = /bin/sh;
			shellScript = "\"${SRCROOT}/Pods/Target Support Files/Pods-JFTAVBuilder/Pods-JFTAVBuilder-resources.sh\"\n";
			showEnvVarsInLog = 0;
		};
		DEBBA8DC1924165A46C616BB /* [CP] Embed Pods Frameworks */ = {
			isa = PBXShellScriptBuildPhase;
			buildActionMask = 2147483647;
			files = (
			);
			inputPaths = (
			);
			name = "[CP] Embed Pods Frameworks";
			outputPaths = (
			);
			runOnlyForDeploymentPostprocessing = 0;
			shellPath = /bin/sh;
			shellScript = "\"${SRCROOT}/Pods/Target Support Files/Pods-JFTAVBuilder/Pods-JFTAVBuilder-frameworks.sh\"\n";
			showEnvVarsInLog = 0;
		};
/* End PBXShellScriptBuildPhase section */

/* Begin PBXSourcesBuildPhase section */
		28854ECF1F3DCD110023EA09 /* Sources */ = {
			isa = PBXSourcesBuildPhase;
			buildActionMask = 2147483647;
			files = (
				28854EDB1F3DCD110023EA09 /* AppDelegate.m in Sources */,
				28854F021F3DDE260023EA09 /* APLViewController.m in Sources */,
				28854F091F3DDE340023EA09 /* JFTVideoPickerCollectionViewCell.m in Sources */,
				28854EFA1F3DDD8C0023EA09 /* JFTAVEditorViewController.m in Sources */,
				28854ED81F3DCD110023EA09 /* main.m in Sources */,
				28854F0A1F3DDE340023EA09 /* JFTVideoPickerController.m in Sources */,
				28854F011F3DDE260023EA09 /* APLCompositionDebugView.m in Sources */,
			);
			runOnlyForDeploymentPostprocessing = 0;
		};
/* End PBXSourcesBuildPhase section */

/* Begin PBXVariantGroup section */
		28854EDF1F3DCD110023EA09 /* Main.storyboard */ = {
			isa = PBXVariantGroup;
			children = (
				28854EE01F3DCD110023EA09 /* Base */,
			);
			name = Main.storyboard;
			sourceTree = "<group>";
		};
		28854EE41F3DCD110023EA09 /* LaunchScreen.storyboard */ = {
			isa = PBXVariantGroup;
			children = (
				28854EE51F3DCD110023EA09 /* Base */,
			);
			name = LaunchScreen.storyboard;
			sourceTree = "<group>";
		};
/* End PBXVariantGroup section */

/* Begin XCBuildConfiguration section */
		28854EE81F3DCD110023EA09 /* Debug */ = {
			isa = XCBuildConfiguration;
			buildSettings = {
				ALWAYS_SEARCH_USER_PATHS = NO;
				CLANG_ANALYZER_NONNULL = YES;
				CLANG_ANALYZER_NUMBER_OBJECT_CONVERSION = YES_AGGRESSIVE;
				CLANG_CXX_LANGUAGE_STANDARD = "gnu++0x";
				CLANG_CXX_LIBRARY = "libc++";
				CLANG_ENABLE_MODULES = YES;
				CLANG_ENABLE_OBJC_ARC = YES;
				CLANG_WARN_BOOL_CONVERSION = YES;
				CLANG_WARN_CONSTANT_CONVERSION = YES;
				CLANG_WARN_DIRECT_OBJC_ISA_USAGE = YES_ERROR;
				CLANG_WARN_DOCUMENTATION_COMMENTS = YES;
				CLANG_WARN_EMPTY_BODY = YES;
				CLANG_WARN_ENUM_CONVERSION = YES;
				CLANG_WARN_INFINITE_RECURSION = YES;
				CLANG_WARN_INT_CONVERSION = YES;
				CLANG_WARN_OBJC_ROOT_CLASS = YES_ERROR;
				CLANG_WARN_SUSPICIOUS_MOVE = YES;
				CLANG_WARN_UNREACHABLE_CODE = YES;
				CLANG_WARN__DUPLICATE_METHOD_MATCH = YES;
				"CODE_SIGN_IDENTITY[sdk=iphoneos*]" = "iPhone Developer";
				COPY_PHASE_STRIP = NO;
				DEBUG_INFORMATION_FORMAT = dwarf;
				ENABLE_STRICT_OBJC_MSGSEND = YES;
				ENABLE_TESTABILITY = YES;
				GCC_C_LANGUAGE_STANDARD = gnu99;
				GCC_DYNAMIC_NO_PIC = NO;
				GCC_NO_COMMON_BLOCKS = YES;
				GCC_OPTIMIZATION_LEVEL = 0;
				GCC_PREPROCESSOR_DEFINITIONS = (
					"DEBUG=1",
					"$(inherited)",
				);
				GCC_WARN_64_TO_32_BIT_CONVERSION = YES;
				GCC_WARN_ABOUT_RETURN_TYPE = YES_ERROR;
				GCC_WARN_UNDECLARED_SELECTOR = YES;
				GCC_WARN_UNINITIALIZED_AUTOS = YES_AGGRESSIVE;
				GCC_WARN_UNUSED_FUNCTION = YES;
				GCC_WARN_UNUSED_VARIABLE = YES;
				IPHONEOS_DEPLOYMENT_TARGET = 10.3;
				MTL_ENABLE_DEBUG_INFO = YES;
				ONLY_ACTIVE_ARCH = YES;
				SDKROOT = iphoneos;
			};
			name = Debug;
		};
		28854EE91F3DCD110023EA09 /* Release */ = {
			isa = XCBuildConfiguration;
			buildSettings = {
				ALWAYS_SEARCH_USER_PATHS = NO;
				CLANG_ANALYZER_NONNULL = YES;
				CLANG_ANALYZER_NUMBER_OBJECT_CONVERSION = YES_AGGRESSIVE;
				CLANG_CXX_LANGUAGE_STANDARD = "gnu++0x";
				CLANG_CXX_LIBRARY = "libc++";
				CLANG_ENABLE_MODULES = YES;
				CLANG_ENABLE_OBJC_ARC = YES;
				CLANG_WARN_BOOL_CONVERSION = YES;
				CLANG_WARN_CONSTANT_CONVERSION = YES;
				CLANG_WARN_DIRECT_OBJC_ISA_USAGE = YES_ERROR;
				CLANG_WARN_DOCUMENTATION_COMMENTS = YES;
				CLANG_WARN_EMPTY_BODY = YES;
				CLANG_WARN_ENUM_CONVERSION = YES;
				CLANG_WARN_INFINITE_RECURSION = YES;
				CLANG_WARN_INT_CONVERSION = YES;
				CLANG_WARN_OBJC_ROOT_CLASS = YES_ERROR;
				CLANG_WARN_SUSPICIOUS_MOVE = YES;
				CLANG_WARN_UNREACHABLE_CODE = YES;
				CLANG_WARN__DUPLICATE_METHOD_MATCH = YES;
				"CODE_SIGN_IDENTITY[sdk=iphoneos*]" = "iPhone Developer";
				COPY_PHASE_STRIP = NO;
				DEBUG_INFORMATION_FORMAT = "dwarf-with-dsym";
				ENABLE_NS_ASSERTIONS = NO;
				ENABLE_STRICT_OBJC_MSGSEND = YES;
				GCC_C_LANGUAGE_STANDARD = gnu99;
				GCC_NO_COMMON_BLOCKS = YES;
				GCC_WARN_64_TO_32_BIT_CONVERSION = YES;
				GCC_WARN_ABOUT_RETURN_TYPE = YES_ERROR;
				GCC_WARN_UNDECLARED_SELECTOR = YES;
				GCC_WARN_UNINITIALIZED_AUTOS = YES_AGGRESSIVE;
				GCC_WARN_UNUSED_FUNCTION = YES;
				GCC_WARN_UNUSED_VARIABLE = YES;
				IPHONEOS_DEPLOYMENT_TARGET = 10.3;
				MTL_ENABLE_DEBUG_INFO = NO;
				SDKROOT = iphoneos;
				VALIDATE_PRODUCT = YES;
			};
			name = Release;
		};
		28854EEB1F3DCD110023EA09 /* Debug */ = {
			isa = XCBuildConfiguration;
			baseConfigurationReference = 8E0DD9151B88DF35CB95511C /* Pods-JFTAVBuilder.debug.xcconfig */;
			buildSettings = {
				ASSETCATALOG_COMPILER_APPICON_NAME = AppIcon;
				DEVELOPMENT_TEAM = LEUH4N764L;
				GCC_WARN_64_TO_32_BIT_CONVERSION = YES;
				INFOPLIST_FILE = JFTAVBuilder/Info.plist;
				IPHONEOS_DEPLOYMENT_TARGET = 8.0;
				LD_NO_PIE = NO;
				LD_RUNPATH_SEARCH_PATHS = "$(inherited) @executable_path/Frameworks";
				PRODUCT_BUNDLE_IDENTIFIER = com.whu.JFTAVBuilder;
				PRODUCT_NAME = "$(TARGET_NAME)";
			};
			name = Debug;
		};
		28854EEC1F3DCD110023EA09 /* Release */ = {
			isa = XCBuildConfiguration;
			baseConfigurationReference = 4A0140C50C8E34C36CEBB9C6 /* Pods-JFTAVBuilder.release.xcconfig */;
			buildSettings = {
				ASSETCATALOG_COMPILER_APPICON_NAME = AppIcon;
				DEVELOPMENT_TEAM = LEUH4N764L;
				GCC_WARN_64_TO_32_BIT_CONVERSION = YES;
				INFOPLIST_FILE = JFTAVBuilder/Info.plist;
				IPHONEOS_DEPLOYMENT_TARGET = 8.0;
				LD_NO_PIE = NO;
				LD_RUNPATH_SEARCH_PATHS = "$(inherited) @executable_path/Frameworks";
				PRODUCT_BUNDLE_IDENTIFIER = com.whu.JFTAVBuilder;
				PRODUCT_NAME = "$(TARGET_NAME)";
			};
			name = Release;
		};
/* End XCBuildConfiguration section */

/* Begin XCConfigurationList section */
		28854ECE1F3DCD110023EA09 /* Build configuration list for PBXProject "JFTAVBuilder" */ = {
			isa = XCConfigurationList;
			buildConfigurations = (
				28854EE81F3DCD110023EA09 /* Debug */,
				28854EE91F3DCD110023EA09 /* Release */,
			);
			defaultConfigurationIsVisible = 0;
			defaultConfigurationName = Release;
		};
		28854EEA1F3DCD110023EA09 /* Build configuration list for PBXNativeTarget "JFTAVBuilder" */ = {
			isa = XCConfigurationList;
			buildConfigurations = (
				28854EEB1F3DCD110023EA09 /* Debug */,
				28854EEC1F3DCD110023EA09 /* Release */,
			);
			defaultConfigurationIsVisible = 0;
			defaultConfigurationName = Release;
		};
/* End XCConfigurationList section */
	};
	rootObject = 28854ECB1F3DCD110023EA09 /* Project object */;
}
